
Microsoft Visual Studio Solution File, Format Version 12.00
# Visual Studio Version 16
VisualStudioVersion = 16.0.28803.352
MinimumVisualStudioVersion = 10.0.40219.1
Project("{FAE04EC0-301F-11D3-BF4B-00C04F79EFBC}") = "DevManagerApplication", "DevManagerApplication\DevManagerApplication.csproj", "{35FE18BD-2636-41DC-A6BA-B5B4329582BC}"
EndProject
Project("{2150E333-8FDC-42A3-9474-1A3956D46DE8}") = "Utility", "Utility", "{54D22A64-7E31-4A03-A8FB-0D11D0E3EF55}"
EndProject
Project("{2150E333-8FDC-42A3-9474-1A3956D46DE8}") = "BL", "BL", "{549C4DDB-2DAB-4E3F-9A20-273B6311CFDE}"
EndProject
Project("{2150E333-8FDC-42A3-9474-1A3956D46DE8}") = "Repository", "Repository", "{7031A025-82A6-443C-A705-DED8E399AABD}"
EndProject
Project("{2150E333-8FDC-42A3-9474-1A3956D46DE8}") = "Models", "Models", "{C2E1835E-E155-4C6A-AE38-F6ABE4370DBB}"
EndProject
Project("{2150E333-8FDC-42A3-9474-1A3956D46DE8}") = "DB", "DB", "{FB12644D-5E22-4512-B9D5-91B072B3FB70}"
EndProject
Project("{FAE04EC0-301F-11D3-BF4B-00C04F79EFBC}") = "BusinessEntity", "BusinessEntity\BusinessEntity.csproj", "{FBFC4671-2752-49E7-AAC4-F6FF8D9CCDC5}"
EndProject
Project("{FAE04EC0-301F-11D3-BF4B-00C04F79EFBC}") = "BusinessLogic", "BusinessLogic\BusinessLogic.csproj", "{D73554D5-D89F-4861-819F-D59F4008956A}"
EndProject
Project("{FAE04EC0-301F-11D3-BF4B-00C04F79EFBC}") = "Database", "Database\Database.csproj", "{A417739A-605A-4DED-AAB1-C6C4942260F5}"
EndProject
Project("{FAE04EC0-301F-11D3-BF4B-00C04F79EFBC}") = "Repository", "Repository\Repository.csproj", "{62174F63-1EC8-4350-8CBD-BEC6A5E9A0EF}"
EndProject
Project("{FAE04EC0-301F-11D3-BF4B-00C04F79EFBC}") = "Utility", "Utility\Utility.csproj", "{0D6C89C0-D617-4605-9CD5-0B7C626BF88D}"
EndProject
Project("{FAE04EC0-301F-11D3-BF4B-00C04F79EFBC}") = "NugetPackageManager", "NugetPackageManager\NugetPackageManager.csproj", "{058758C8-8199-4AB5-ACB3-B42D4B48BB32}"
EndProject
Project("{FAE04EC0-301F-11D3-BF4B-00C04F79EFBC}") = "RepositoryTests", "RepositoryTests\RepositoryTests.csproj", "{26C4E940-83FE-4671-8255-2E029923E841}"
EndProject
Project("{FAE04EC0-301F-11D3-BF4B-00C04F79EFBC}") = "DTO", "DTO\DTO.csproj", "{C18B0034-699D-4A14-BDB8-8F055B185FB1}"
EndProject
Project("{FAE04EC0-301F-11D3-BF4B-00C04F79EFBC}") = "BusinessLogicTests", "BusinessLogicTests\BusinessLogicTests.csproj", "{8C012041-8A76-4FFB-ADD5-3FF0BC2F53EA}"
EndProject
Project("{2150E333-8FDC-42A3-9474-1A3956D46DE8}") = "Unit Tests", "Unit Tests", "{0439DB77-6966-48DF-B009-50F7CE3A557E}"
EndProject
Global
	GlobalSection(SolutionConfigurationPlatforms) = preSolution
		Debug|Any CPU = Debug|Any CPU
		Release|Any CPU = Release|Any CPU
	EndGlobalSection
	GlobalSection(ProjectConfigurationPlatforms) = postSolution
		{35FE18BD-2636-41DC-A6BA-B5B4329582BC}.Debug|Any CPU.ActiveCfg = Debug|Any CPU
		{35FE18BD-2636-41DC-A6BA-B5B4329582BC}.Debug|Any CPU.Build.0 = Debug|Any CPU
		{35FE18BD-2636-41DC-A6BA-B5B4329582BC}.Release|Any CPU.ActiveCfg = Release|Any CPU
		{35FE18BD-2636-41DC-A6BA-B5B4329582BC}.Release|Any CPU.Build.0 = Release|Any CPU
		{FBFC4671-2752-49E7-AAC4-F6FF8D9CCDC5}.Debug|Any CPU.ActiveCfg = Debug|Any CPU
		{FBFC4671-2752-49E7-AAC4-F6FF8D9CCDC5}.Debug|Any CPU.Build.0 = Debug|Any CPU
		{FBFC4671-2752-49E7-AAC4-F6FF8D9CCDC5}.Release|Any CPU.ActiveCfg = Release|Any CPU
		{FBFC4671-2752-49E7-AAC4-F6FF8D9CCDC5}.Release|Any CPU.Build.0 = Release|Any CPU
		{D73554D5-D89F-4861-819F-D59F4008956A}.Debug|Any CPU.ActiveCfg = Debug|Any CPU
		{D73554D5-D89F-4861-819F-D59F4008956A}.Debug|Any CPU.Build.0 = Debug|Any CPU
		{D73554D5-D89F-4861-819F-D59F4008956A}.Release|Any CPU.ActiveCfg = Release|Any CPU
		{D73554D5-D89F-4861-819F-D59F4008956A}.Release|Any CPU.Build.0 = Release|Any CPU
		{A417739A-605A-4DED-AAB1-C6C4942260F5}.Debug|Any CPU.ActiveCfg = Debug|Any CPU
		{A417739A-605A-4DED-AAB1-C6C4942260F5}.Debug|Any CPU.Build.0 = Debug|Any CPU
		{A417739A-605A-4DED-AAB1-C6C4942260F5}.Release|Any CPU.ActiveCfg = Release|Any CPU
		{A417739A-605A-4DED-AAB1-C6C4942260F5}.Release|Any CPU.Build.0 = Release|Any CPU
		{62174F63-1EC8-4350-8CBD-BEC6A5E9A0EF}.Debug|Any CPU.ActiveCfg = Debug|Any CPU
		{62174F63-1EC8-4350-8CBD-BEC6A5E9A0EF}.Debug|Any CPU.Build.0 = Debug|Any CPU
		{62174F63-1EC8-4350-8CBD-BEC6A5E9A0EF}.Release|Any CPU.ActiveCfg = Release|Any CPU
		{62174F63-1EC8-4350-8CBD-BEC6A5E9A0EF}.Release|Any CPU.Build.0 = Release|Any CPU
		{0D6C89C0-D617-4605-9CD5-0B7C626BF88D}.Debug|Any CPU.ActiveCfg = Debug|Any CPU
		{0D6C89C0-D617-4605-9CD5-0B7C626BF88D}.Debug|Any CPU.Build.0 = Debug|Any CPU
		{0D6C89C0-D617-4605-9CD5-0B7C626BF88D}.Release|Any CPU.ActiveCfg = Release|Any CPU
		{0D6C89C0-D617-4605-9CD5-0B7C626BF88D}.Release|Any CPU.Build.0 = Release|Any CPU
		{058758C8-8199-4AB5-ACB3-B42D4B48BB32}.Debug|Any CPU.ActiveCfg = Debug|Any CPU
		{058758C8-8199-4AB5-ACB3-B42D4B48BB32}.Debug|Any CPU.Build.0 = Debug|Any CPU
		{058758C8-8199-4AB5-ACB3-B42D4B48BB32}.Release|Any CPU.ActiveCfg = Release|Any CPU
		{058758C8-8199-4AB5-ACB3-B42D4B48BB32}.Release|Any CPU.Build.0 = Release|Any CPU
		{26C4E940-83FE-4671-8255-2E029923E841}.Debug|Any CPU.ActiveCfg = Debug|Any CPU
		{26C4E940-83FE-4671-8255-2E029923E841}.Debug|Any CPU.Build.0 = Debug|Any CPU
		{26C4E940-83FE-4671-8255-2E029923E841}.Release|Any CPU.ActiveCfg = Release|Any CPU
		{26C4E940-83FE-4671-8255-2E029923E841}.Release|Any CPU.Build.0 = Release|Any CPU
		{C18B0034-699D-4A14-BDB8-8F055B185FB1}.Debug|Any CPU.ActiveCfg = Debug|Any CPU
		{C18B0034-699D-4A14-BDB8-8F055B185FB1}.Debug|Any CPU.Build.0 = Debug|Any CPU
		{C18B0034-699D-4A14-BDB8-8F055B185FB1}.Release|Any CPU.ActiveCfg = Release|Any CPU
		{C18B0034-699D-4A14-BDB8-8F055B185FB1}.Release|Any CPU.Build.0 = Release|Any CPU
		{8C012041-8A76-4FFB-ADD5-3FF0BC2F53EA}.Debug|Any CPU.ActiveCfg = Debug|Any CPU
		{8C012041-8A76-4FFB-ADD5-3FF0BC2F53EA}.Debug|Any CPU.Build.0 = Debug|Any CPU
		{8C012041-8A76-4FFB-ADD5-3FF0BC2F53EA}.Release|Any CPU.ActiveCfg = Release|Any CPU
		{8C012041-8A76-4FFB-ADD5-3FF0BC2F53EA}.Release|Any CPU.Build.0 = Release|Any CPU
	EndGlobalSection
	GlobalSection(SolutionProperties) = preSolution
		HideSolutionNode = FALSE
	EndGlobalSection
	GlobalSection(NestedProjects) = preSolution
		{FBFC4671-2752-49E7-AAC4-F6FF8D9CCDC5} = {C2E1835E-E155-4C6A-AE38-F6ABE4370DBB}
		{D73554D5-D89F-4861-819F-D59F4008956A} = {549C4DDB-2DAB-4E3F-9A20-273B6311CFDE}
		{A417739A-605A-4DED-AAB1-C6C4942260F5} = {FB12644D-5E22-4512-B9D5-91B072B3FB70}
		{62174F63-1EC8-4350-8CBD-BEC6A5E9A0EF} = {7031A025-82A6-443C-A705-DED8E399AABD}
		{0D6C89C0-D617-4605-9CD5-0B7C626BF88D} = {54D22A64-7E31-4A03-A8FB-0D11D0E3EF55}
		{058758C8-8199-4AB5-ACB3-B42D4B48BB32} = {54D22A64-7E31-4A03-A8FB-0D11D0E3EF55}
		{26C4E940-83FE-4671-8255-2E029923E841} = {0439DB77-6966-48DF-B009-50F7CE3A557E}
		{C18B0034-699D-4A14-BDB8-8F055B185FB1} = {C2E1835E-E155-4C6A-AE38-F6ABE4370DBB}
		{8C012041-8A76-4FFB-ADD5-3FF0BC2F53EA} = {0439DB77-6966-48DF-B009-50F7CE3A557E}
	EndGlobalSection
	GlobalSection(ExtensibilityGlobals) = postSolution
		SolutionGuid = {6A389BDF-2A2B-443B-89F3-E5158B02B777}
	EndGlobalSection
EndGlobal
